
Microsoft Visual Studio Solution File, Format Version 12.00
# Visual Studio Version 17
VisualStudioVersion = 17.14.36623.8 d17.14
MinimumVisualStudioVersion = 10.0.40219.1
Project("{8BC9CEB8-8B4A-11D0-8D11-00A0C91BC942}") = "BattleShipClient", "BattleShipClient.vcxproj", "{6A6BC9CF-935F-4397-95D8-939340E8485D}"
EndProject
Project("{8BC9CEB8-8B4A-11D0-8D11-00A0C91BC942}") = "BattleShipServer", "..\battleshipServer\battleshipTesting.vcxproj", "{C953CAFE-1F56-46B4-B939-3A83406F7BFF}"
EndProject
Global
	GlobalSection(SolutionConfigurationPlatforms) = preSolution
		Debug|x64 = Debug|x64
		Debug|x86 = Debug|x86
		Release|x64 = Release|x64
		Release|x86 = Release|x86
	EndGlobalSection
	GlobalSection(ProjectConfigurationPlatforms) = postSolution
		{6A6BC9CF-935F-4397-95D8-939340E8485D}.Debug|x64.ActiveCfg = Debug|x64
		{6A6BC9CF-935F-4397-95D8-939340E8485D}.Debug|x64.Build.0 = Debug|x64
		{6A6BC9CF-935F-4397-95D8-939340E8485D}.Debug|x86.ActiveCfg = Debug|Win32
		{6A6BC9CF-935F-4397-95D8-939340E8485D}.Debug|x86.Build.0 = Debug|Win32
		{6A6BC9CF-935F-4397-95D8-939340E8485D}.Release|x64.ActiveCfg = Release|x64
		{6A6BC9CF-935F-4397-95D8-939340E8485D}.Release|x64.Build.0 = Release|x64
		{6A6BC9CF-935F-4397-95D8-939340E8485D}.Release|x86.ActiveCfg = Release|Win32
		{6A6BC9CF-935F-4397-95D8-939340E8485D}.Release|x86.Build.0 = Release|Win32
		{C953CAFE-1F56-46B4-B939-3A83406F7BFF}.Debug|x64.ActiveCfg = Debug|x64
		{C953CAFE-1F56-46B4-B939-3A83406F7BFF}.Debug|x64.Build.0 = Debug|x64
		{C953CAFE-1F56-46B4-B939-3A83406F7BFF}.Debug|x86.ActiveCfg = Debug|Win32
		{C953CAFE-1F56-46B4-B939-3A83406F7BFF}.Debug|x86.Build.0 = Debug|Win32
		{C953CAFE-1F56-46B4-B939-3A83406F7BFF}.Release|x64.ActiveCfg = Release|x64
		{C953CAFE-1F56-46B4-B939-3A83406F7BFF}.Release|x64.Build.0 = Release|x64
		{C953CAFE-1F56-46B4-B939-3A83406F7BFF}.Release|x86.ActiveCfg = Release|Win32
		{C953CAFE-1F56-46B4-B939-3A83406F7BFF}.Release|x86.Build.0 = Release|Win32
	EndGlobalSection
	GlobalSection(SolutionProperties) = preSolution
		HideSolutionNode = FALSE
	EndGlobalSection
	GlobalSection(ExtensibilityGlobals) = postSolution
		SolutionGuid = {1C340962-1934-4C30-9A44-D399AFDAEC60}
	EndGlobalSection
EndGlobal
